
Microsoft Visual Studio Solution File, Format Version 12.00
# Visual Studio Version 17
VisualStudioVersion = 17.3.32901.215
MinimumVisualStudioVersion = 10.0.40219.1
Project("{FAE04EC0-301F-11D3-BF4B-00C04F79EFBC}") = "MusixLyric", "MusixLyric\MusixLyric.csproj", "{4FFCBD55-5314-4AA7-A536-589A4F5BD36F}"
EndProject
Global
	GlobalSection(SolutionConfigurationPlatforms) = preSolution
		Debug|Any CPU = Debug|Any CPU
		Release|Any CPU = Release|Any CPU
	EndGlobalSection
	GlobalSection(ProjectConfigurationPlatforms) = postSolution
		{4FFCBD55-5314-4AA7-A536-589A4F5BD36F}.Debug|Any CPU.ActiveCfg = Debug|Any CPU
		{4FFCBD55-5314-4AA7-A536-589A4F5BD36F}.Debug|Any CPU.Build.0 = Debug|Any CPU
		{4FFCBD55-5314-4AA7-A536-589A4F5BD36F}.Release|Any CPU.ActiveCfg = Release|Any CPU
		{4FFCBD55-5314-4AA7-A536-589A4F5BD36F}.Release|Any CPU.Build.0 = Release|Any CPU
	EndGlobalSection
	GlobalSection(SolutionProperties) = preSolution
		HideSolutionNode = FALSE
	EndGlobalSection
	GlobalSection(ExtensibilityGlobals) = postSolution
		SolutionGuid = {A87FA48C-9DEF-48B7-B7E2-DD2C292A6571}
	EndGlobalSection
EndGlobal
